
Microsoft Visual Studio Solution File, Format Version 12.00
# Visual Studio Version 16
VisualStudioVersion = 16.0.29424.173
MinimumVisualStudioVersion = 10.0.40219.1
Project("{FAE04EC0-301F-11D3-BF4B-00C04F79EFBC}") = "deneme17", "deneme17\deneme17.csproj", "{3CAB9831-DE14-4607-865C-9CFFE225668F}"
EndProject
Global
	GlobalSection(SolutionConfigurationPlatforms) = preSolution
		Debug|Any CPU = Debug|Any CPU
		Release|Any CPU = Release|Any CPU
	EndGlobalSection
	GlobalSection(ProjectConfigurationPlatforms) = postSolution
		{3CAB9831-DE14-4607-865C-9CFFE225668F}.Debug|Any CPU.ActiveCfg = Debug|Any CPU
		{3CAB9831-DE14-4607-865C-9CFFE225668F}.Debug|Any CPU.Build.0 = Debug|Any CPU
		{3CAB9831-DE14-4607-865C-9CFFE225668F}.Release|Any CPU.ActiveCfg = Release|Any CPU
		{3CAB9831-DE14-4607-865C-9CFFE225668F}.Release|Any CPU.Build.0 = Release|Any CPU
	EndGlobalSection
	GlobalSection(SolutionProperties) = preSolution
		HideSolutionNode = FALSE
	EndGlobalSection
	GlobalSection(ExtensibilityGlobals) = postSolution
		SolutionGuid = {F6D68CA9-F3B4-4290-94DD-5F60694257E2}
	EndGlobalSection
EndGlobal
